
Microsoft Visual Studio Solution File, Format Version 12.00
# Visual Studio Version 16
VisualStudioVersion = 16.0.35706.149
MinimumVisualStudioVersion = 10.0.40219.1
Project("{9A19103F-16F7-4668-BE54-9A1E7A4F7556}") = "DataAccess", "DataAccess\DataAccess.csproj", "{845959D5-DF6C-4E50-A176-728E66DC3BAF}"
EndProject
Project("{9A19103F-16F7-4668-BE54-9A1E7A4F7556}") = "Business", "Business\Business.csproj", "{8E0C97F6-1D34-444E-B5BD-A2BA763E39A0}"
EndProject
Project("{9A19103F-16F7-4668-BE54-9A1E7A4F7556}") = "Common", "Common\Common.csproj", "{467B1CE7-0DDE-4368-997C-12CD6B4C8068}"
EndProject
Project("{9A19103F-16F7-4668-BE54-9A1E7A4F7556}") = "Models", "Models\Models.csproj", "{11C7E9BA-2267-4B84-815A-71381BFAE291}"
EndProject
Project("{9A19103F-16F7-4668-BE54-9A1E7A4F7556}") = "Client", "Client\Client.csproj", "{15E8AE59-0395-4749-939C-EAE3446929EF}"
EndProject
Project("{9A19103F-16F7-4668-BE54-9A1E7A4F7556}") = "B2C_ECommerce", "B2C_ECommerce\B2C_ECommerce.csproj", "{A0357953-4401-462D-8974-A24FD08A726B}"
EndProject
Project("{9A19103F-16F7-4668-BE54-9A1E7A4F7556}") = "ControlPanel", "ControlPanel\ControlPanel.csproj", "{C80C2531-D7AD-4845-9592-40ACEBD158FB}"
EndProject
Project("{9A19103F-16F7-4668-BE54-9A1E7A4F7556}") = "APIs", "APIs\APIs.csproj", "{1B66209F-09BE-4403-9C9C-77156855C56B}"
EndProject
Project("{2150E333-8FDC-42A3-9474-1A3956D46DE8}") = "Solution Items", "Solution Items", "{AB24E974-9EFA-4E76-B4E0-7466C937C370}"
	ProjectSection(SolutionItems) = preProject
		text.json = text.json
	EndProjectSection
EndProject
Global
	GlobalSection(SolutionConfigurationPlatforms) = preSolution
		Debug|Any CPU = Debug|Any CPU
		Release|Any CPU = Release|Any CPU
	EndGlobalSection
	GlobalSection(ProjectConfigurationPlatforms) = postSolution
		{845959D5-DF6C-4E50-A176-728E66DC3BAF}.Debug|Any CPU.ActiveCfg = Debug|Any CPU
		{845959D5-DF6C-4E50-A176-728E66DC3BAF}.Debug|Any CPU.Build.0 = Debug|Any CPU
		{845959D5-DF6C-4E50-A176-728E66DC3BAF}.Release|Any CPU.ActiveCfg = Release|Any CPU
		{845959D5-DF6C-4E50-A176-728E66DC3BAF}.Release|Any CPU.Build.0 = Release|Any CPU
		{8E0C97F6-1D34-444E-B5BD-A2BA763E39A0}.Debug|Any CPU.ActiveCfg = Debug|Any CPU
		{8E0C97F6-1D34-444E-B5BD-A2BA763E39A0}.Debug|Any CPU.Build.0 = Debug|Any CPU
		{8E0C97F6-1D34-444E-B5BD-A2BA763E39A0}.Release|Any CPU.ActiveCfg = Release|Any CPU
		{8E0C97F6-1D34-444E-B5BD-A2BA763E39A0}.Release|Any CPU.Build.0 = Release|Any CPU
		{467B1CE7-0DDE-4368-997C-12CD6B4C8068}.Debug|Any CPU.ActiveCfg = Debug|Any CPU
		{467B1CE7-0DDE-4368-997C-12CD6B4C8068}.Debug|Any CPU.Build.0 = Debug|Any CPU
		{467B1CE7-0DDE-4368-997C-12CD6B4C8068}.Release|Any CPU.ActiveCfg = Release|Any CPU
		{467B1CE7-0DDE-4368-997C-12CD6B4C8068}.Release|Any CPU.Build.0 = Release|Any CPU
		{11C7E9BA-2267-4B84-815A-71381BFAE291}.Debug|Any CPU.ActiveCfg = Debug|Any CPU
		{11C7E9BA-2267-4B84-815A-71381BFAE291}.Debug|Any CPU.Build.0 = Debug|Any CPU
		{11C7E9BA-2267-4B84-815A-71381BFAE291}.Release|Any CPU.ActiveCfg = Release|Any CPU
		{11C7E9BA-2267-4B84-815A-71381BFAE291}.Release|Any CPU.Build.0 = Release|Any CPU
		{15E8AE59-0395-4749-939C-EAE3446929EF}.Debug|Any CPU.ActiveCfg = Debug|Any CPU
		{15E8AE59-0395-4749-939C-EAE3446929EF}.Debug|Any CPU.Build.0 = Debug|Any CPU
		{15E8AE59-0395-4749-939C-EAE3446929EF}.Release|Any CPU.ActiveCfg = Release|Any CPU
		{15E8AE59-0395-4749-939C-EAE3446929EF}.Release|Any CPU.Build.0 = Release|Any CPU
		{A0357953-4401-462D-8974-A24FD08A726B}.Debug|Any CPU.ActiveCfg = Debug|Any CPU
		{A0357953-4401-462D-8974-A24FD08A726B}.Debug|Any CPU.Build.0 = Debug|Any CPU
		{A0357953-4401-462D-8974-A24FD08A726B}.Release|Any CPU.ActiveCfg = Release|Any CPU
		{A0357953-4401-462D-8974-A24FD08A726B}.Release|Any CPU.Build.0 = Release|Any CPU
		{C80C2531-D7AD-4845-9592-40ACEBD158FB}.Debug|Any CPU.ActiveCfg = Debug|Any CPU
		{C80C2531-D7AD-4845-9592-40ACEBD158FB}.Debug|Any CPU.Build.0 = Debug|Any CPU
		{C80C2531-D7AD-4845-9592-40ACEBD158FB}.Release|Any CPU.ActiveCfg = Release|Any CPU
		{C80C2531-D7AD-4845-9592-40ACEBD158FB}.Release|Any CPU.Build.0 = Release|Any CPU
		{1B66209F-09BE-4403-9C9C-77156855C56B}.Debug|Any CPU.ActiveCfg = Debug|Any CPU
		{1B66209F-09BE-4403-9C9C-77156855C56B}.Debug|Any CPU.Build.0 = Debug|Any CPU
		{1B66209F-09BE-4403-9C9C-77156855C56B}.Release|Any CPU.ActiveCfg = Release|Any CPU
		{1B66209F-09BE-4403-9C9C-77156855C56B}.Release|Any CPU.Build.0 = Release|Any CPU
	EndGlobalSection
	GlobalSection(SolutionProperties) = preSolution
		HideSolutionNode = FALSE
	EndGlobalSection
	GlobalSection(ExtensibilityGlobals) = postSolution
		SolutionGuid = {56F9DBD6-A327-4732-AE49-96C63B9DB0B0}
	EndGlobalSection
EndGlobal
